
Microsoft Visual Studio Solution File, Format Version 12.00
# Visual Studio 15
VisualStudioVersion = 15.0.28307.489
MinimumVisualStudioVersion = 10.0.40219.1
Project("{9A19103F-16F7-4668-BE54-9A1E7A4F7556}") = "DnAStore", "DnAStore\DnAStore.csproj", "{DF732EAC-12FB-4CE4-A12B-92A686E0134A}"
EndProject
Project("{9A19103F-16F7-4668-BE54-9A1E7A4F7556}") = "XUnitTest_DnAStore", "XUnitTest_DnAStore\XUnitTest_DnAStore.csproj", "{38F3463F-A66E-4B4D-A389-CC858ED9E8AD}"
EndProject
Global
	GlobalSection(SolutionConfigurationPlatforms) = preSolution
		Debug|Any CPU = Debug|Any CPU
		Release|Any CPU = Release|Any CPU
	EndGlobalSection
	GlobalSection(ProjectConfigurationPlatforms) = postSolution
		{DF732EAC-12FB-4CE4-A12B-92A686E0134A}.Debug|Any CPU.ActiveCfg = Debug|Any CPU
		{DF732EAC-12FB-4CE4-A12B-92A686E0134A}.Debug|Any CPU.Build.0 = Debug|Any CPU
		{DF732EAC-12FB-4CE4-A12B-92A686E0134A}.Release|Any CPU.ActiveCfg = Release|Any CPU
		{DF732EAC-12FB-4CE4-A12B-92A686E0134A}.Release|Any CPU.Build.0 = Release|Any CPU
		{38F3463F-A66E-4B4D-A389-CC858ED9E8AD}.Debug|Any CPU.ActiveCfg = Debug|Any CPU
		{38F3463F-A66E-4B4D-A389-CC858ED9E8AD}.Debug|Any CPU.Build.0 = Debug|Any CPU
		{38F3463F-A66E-4B4D-A389-CC858ED9E8AD}.Release|Any CPU.ActiveCfg = Release|Any CPU
		{38F3463F-A66E-4B4D-A389-CC858ED9E8AD}.Release|Any CPU.Build.0 = Release|Any CPU
	EndGlobalSection
	GlobalSection(SolutionProperties) = preSolution
		HideSolutionNode = FALSE
	EndGlobalSection
	GlobalSection(ExtensibilityGlobals) = postSolution
		SolutionGuid = {2B3DB87D-65A4-4D0B-9AE0-6A430DF3698B}
	EndGlobalSection
EndGlobal
